Microsoft Visual Studio Solution File, Format Version 11.00
# Visual Studio 2008

Project("{5E97994E-D38A-2B2F-984F-3B2B75012BF8}") = "slot", "Assembly-CSharp.csproj", "{58F64D69-C53A-391D-FE8B-CC7439ED9064}"
EndProject
Global
	GlobalSection(SolutionConfigurationPlatforms) = preSolution
		Debug|Any CPU = Debug|Any CPU
		Release|Any CPU = Release|Any CPU
	EndGlobalSection
	GlobalSection(ProjectConfigurationPlatforms) = postSolution
		{58F64D69-C53A-391D-FE8B-CC7439ED9064}.Debug|Any CPU.ActiveCfg = Debug|Any CPU
		{58F64D69-C53A-391D-FE8B-CC7439ED9064}.Debug|Any CPU.Build.0 = Debug|Any CPU
		{58F64D69-C53A-391D-FE8B-CC7439ED9064}.Release|Any CPU.ActiveCfg = Release|Any CPU
		{58F64D69-C53A-391D-FE8B-CC7439ED9064}.Release|Any CPU.Build.0 = Release|Any CPU
	EndGlobalSection
	GlobalSection(SolutionProperties) = preSolution
		HideSolutionNode = FALSE
	EndGlobalSection
	GlobalSection(MonoDevelopProperties) = preSolution
		StartupItem = Assembly-CSharp.csproj
	EndGlobalSection
EndGlobal
